
Microsoft Visual Studio Solution File, Format Version 12.00
# Visual Studio Version 17
VisualStudioVersion = 17.5.002.0
MinimumVisualStudioVersion = 10.0.40219.1
Project("{9A19103F-16F7-4668-BE54-9A1E7A4F7556}") = "DocumentTrackerWebApi", "DocumentTrackerWebApi.csproj", "{BCD6AB23-ED5E-4E80-BDE2-64758279D9EF}"
EndProject
Project("{FAE04EC0-301F-11D3-BF4B-00C04F79EFBC}") = "User.Management", "..\User.Management\User.Management.csproj", "{BD6A95FB-0590-4D20-908E-918445AA1430}"
EndProject
Global
	GlobalSection(SolutionConfigurationPlatforms) = preSolution
		Debug|Any CPU = Debug|Any CPU
		Release|Any CPU = Release|Any CPU
	EndGlobalSection
	GlobalSection(ProjectConfigurationPlatforms) = postSolution
		{BCD6AB23-ED5E-4E80-BDE2-64758279D9EF}.Debug|Any CPU.ActiveCfg = Debug|Any CPU
		{BCD6AB23-ED5E-4E80-BDE2-64758279D9EF}.Debug|Any CPU.Build.0 = Debug|Any CPU
		{BCD6AB23-ED5E-4E80-BDE2-64758279D9EF}.Release|Any CPU.ActiveCfg = Release|Any CPU
		{BCD6AB23-ED5E-4E80-BDE2-64758279D9EF}.Release|Any CPU.Build.0 = Release|Any CPU
		{BD6A95FB-0590-4D20-908E-918445AA1430}.Debug|Any CPU.ActiveCfg = Debug|Any CPU
		{BD6A95FB-0590-4D20-908E-918445AA1430}.Debug|Any CPU.Build.0 = Debug|Any CPU
		{BD6A95FB-0590-4D20-908E-918445AA1430}.Release|Any CPU.ActiveCfg = Release|Any CPU
		{BD6A95FB-0590-4D20-908E-918445AA1430}.Release|Any CPU.Build.0 = Release|Any CPU
	EndGlobalSection
	GlobalSection(SolutionProperties) = preSolution
		HideSolutionNode = FALSE
	EndGlobalSection
	GlobalSection(ExtensibilityGlobals) = postSolution
		SolutionGuid = {86116BFD-6488-42B1-BA63-45F0B17BC9A5}
	EndGlobalSection
EndGlobal
